
Microsoft Visual Studio Solution File, Format Version 12.00
# Visual Studio 14
VisualStudioVersion = 14.0.25420.1
MinimumVisualStudioVersion = 10.0.40219.1
Project("{FAE04EC0-301F-11D3-BF4B-00C04F79EFBC}") = "FakeApi.Domain", "FakeApi.Domain\FakeApi.Domain.csproj", "{A5EC3C16-C625-4C46-9D36-6BE7A282EEBF}"
EndProject
Project("{FAE04EC0-301F-11D3-BF4B-00C04F79EFBC}") = "FakeApi.Utils", "FakeApi.Utils\FakeApi.Utils.csproj", "{6FAEAB25-7009-4724-89C2-CBADF9663F86}"
EndProject
Project("{FAE04EC0-301F-11D3-BF4B-00C04F79EFBC}") = "FakeApi.Infrastructure", "FakeApi.Infrastructure\FakeApi.Infrastructure.csproj", "{C1253926-D426-41D2-944A-1E1DD7C1DC23}"
EndProject
Project("{FAE04EC0-301F-11D3-BF4B-00C04F79EFBC}") = "FakeApi.WebApp", "FakeApi.WebApp\FakeApi.WebApp.csproj", "{5EAE3814-98EA-4EE8-AF32-C14A8845434F}"
EndProject
Global
	GlobalSection(SolutionConfigurationPlatforms) = preSolution
		Debug|Any CPU = Debug|Any CPU
		Release|Any CPU = Release|Any CPU
	EndGlobalSection
	GlobalSection(ProjectConfigurationPlatforms) = postSolution
		{A5EC3C16-C625-4C46-9D36-6BE7A282EEBF}.Debug|Any CPU.ActiveCfg = Debug|Any CPU
		{A5EC3C16-C625-4C46-9D36-6BE7A282EEBF}.Debug|Any CPU.Build.0 = Debug|Any CPU
		{A5EC3C16-C625-4C46-9D36-6BE7A282EEBF}.Release|Any CPU.ActiveCfg = Release|Any CPU
		{A5EC3C16-C625-4C46-9D36-6BE7A282EEBF}.Release|Any CPU.Build.0 = Release|Any CPU
		{6FAEAB25-7009-4724-89C2-CBADF9663F86}.Debug|Any CPU.ActiveCfg = Debug|Any CPU
		{6FAEAB25-7009-4724-89C2-CBADF9663F86}.Debug|Any CPU.Build.0 = Debug|Any CPU
		{6FAEAB25-7009-4724-89C2-CBADF9663F86}.Release|Any CPU.ActiveCfg = Release|Any CPU
		{6FAEAB25-7009-4724-89C2-CBADF9663F86}.Release|Any CPU.Build.0 = Release|Any CPU
		{C1253926-D426-41D2-944A-1E1DD7C1DC23}.Debug|Any CPU.ActiveCfg = Debug|Any CPU
		{C1253926-D426-41D2-944A-1E1DD7C1DC23}.Debug|Any CPU.Build.0 = Debug|Any CPU
		{C1253926-D426-41D2-944A-1E1DD7C1DC23}.Release|Any CPU.ActiveCfg = Release|Any CPU
		{C1253926-D426-41D2-944A-1E1DD7C1DC23}.Release|Any CPU.Build.0 = Release|Any CPU
		{5EAE3814-98EA-4EE8-AF32-C14A8845434F}.Debug|Any CPU.ActiveCfg = Debug|Any CPU
		{5EAE3814-98EA-4EE8-AF32-C14A8845434F}.Debug|Any CPU.Build.0 = Debug|Any CPU
		{5EAE3814-98EA-4EE8-AF32-C14A8845434F}.Release|Any CPU.ActiveCfg = Release|Any CPU
		{5EAE3814-98EA-4EE8-AF32-C14A8845434F}.Release|Any CPU.Build.0 = Release|Any CPU
	EndGlobalSection
	GlobalSection(SolutionProperties) = preSolution
		HideSolutionNode = FALSE
	EndGlobalSection
EndGlobal
